
Microsoft Visual Studio Solution File, Format Version 12.00
# Visual Studio Version 17
VisualStudioVersion = 17.0.31903.59
MinimumVisualStudioVersion = 10.0.40219.1
Project("{2150E333-8FDC-42A3-9474-1A3956D46DE8}") = "src", "src", "{827E0CD3-B72D-47B6-A68D-7590B98EB39B}"
EndProject
Project("{FAE04EC0-301F-11D3-BF4B-00C04F79EFBC}") = "ApptApi.Domain", "src\ApptApi.Domain\ApptApi.Domain.csproj", "{A281AEFF-CE6E-4027-9651-239D8A631765}"
EndProject
Project("{FAE04EC0-301F-11D3-BF4B-00C04F79EFBC}") = "ApptApi.Application", "src\ApptApi.Application\ApptApi.Application.csproj", "{4B4FF410-579F-4662-8C05-235DFD8DF479}"
EndProject
Project("{FAE04EC0-301F-11D3-BF4B-00C04F79EFBC}") = "ApptApi.Infrastructure", "src\ApptApi.Infrastructure\ApptApi.Infrastructure.csproj", "{F1FB73CB-63C3-43F9-BDE0-9A13B071937E}"
EndProject
Project("{FAE04EC0-301F-11D3-BF4B-00C04F79EFBC}") = "ApptApi.API", "src\ApptApi.API\ApptApi.API.csproj", "{4D5524A1-2389-49B4-9284-7080E22B212F}"
EndProject
Project("{2150E333-8FDC-42A3-9474-1A3956D46DE8}") = "tests", "tests", "{0AB3BF05-4346-4AA6-1389-037BE0695223}"
EndProject
Project("{FAE04EC0-301F-11D3-BF4B-00C04F79EFBC}") = "ApptApi.UnitTests", "tests\ApptApi.UnitTests\ApptApi.UnitTests.csproj", "{0E8C9422-9071-4900-8148-3F6E35322BDA}"
EndProject
Project("{FAE04EC0-301F-11D3-BF4B-00C04F79EFBC}") = "ApptApi.IntegrationTests", "tests\ApptApi.IntegrationTests\ApptApi.IntegrationTests.csproj", "{71C24975-CF35-46D0-BC79-F251FE11933D}"
EndProject
Global
	GlobalSection(SolutionConfigurationPlatforms) = preSolution
		Debug|Any CPU = Debug|Any CPU
		Debug|x64 = Debug|x64
		Debug|x86 = Debug|x86
		Release|Any CPU = Release|Any CPU
		Release|x64 = Release|x64
		Release|x86 = Release|x86
	EndGlobalSection
	GlobalSection(ProjectConfigurationPlatforms) = postSolution
		{A281AEFF-CE6E-4027-9651-239D8A631765}.Debug|Any CPU.ActiveCfg = Debug|Any CPU
		{A281AEFF-CE6E-4027-9651-239D8A631765}.Debug|Any CPU.Build.0 = Debug|Any CPU
		{A281AEFF-CE6E-4027-9651-239D8A631765}.Debug|x64.ActiveCfg = Debug|Any CPU
		{A281AEFF-CE6E-4027-9651-239D8A631765}.Debug|x64.Build.0 = Debug|Any CPU
		{A281AEFF-CE6E-4027-9651-239D8A631765}.Debug|x86.ActiveCfg = Debug|Any CPU
		{A281AEFF-CE6E-4027-9651-239D8A631765}.Debug|x86.Build.0 = Debug|Any CPU
		{A281AEFF-CE6E-4027-9651-239D8A631765}.Release|Any CPU.ActiveCfg = Release|Any CPU
		{A281AEFF-CE6E-4027-9651-239D8A631765}.Release|Any CPU.Build.0 = Release|Any CPU
		{A281AEFF-CE6E-4027-9651-239D8A631765}.Release|x64.ActiveCfg = Release|Any CPU
		{A281AEFF-CE6E-4027-9651-239D8A631765}.Release|x64.Build.0 = Release|Any CPU
		{A281AEFF-CE6E-4027-9651-239D8A631765}.Release|x86.ActiveCfg = Release|Any CPU
		{A281AEFF-CE6E-4027-9651-239D8A631765}.Release|x86.Build.0 = Release|Any CPU
		{4B4FF410-579F-4662-8C05-235DFD8DF479}.Debug|Any CPU.ActiveCfg = Debug|Any CPU
		{4B4FF410-579F-4662-8C05-235DFD8DF479}.Debug|Any CPU.Build.0 = Debug|Any CPU
		{4B4FF410-579F-4662-8C05-235DFD8DF479}.Debug|x64.ActiveCfg = Debug|Any CPU
		{4B4FF410-579F-4662-8C05-235DFD8DF479}.Debug|x64.Build.0 = Debug|Any CPU
		{4B4FF410-579F-4662-8C05-235DFD8DF479}.Debug|x86.ActiveCfg = Debug|Any CPU
		{4B4FF410-579F-4662-8C05-235DFD8DF479}.Debug|x86.Build.0 = Debug|Any CPU
		{4B4FF410-579F-4662-8C05-235DFD8DF479}.Release|Any CPU.ActiveCfg = Release|Any CPU
		{4B4FF410-579F-4662-8C05-235DFD8DF479}.Release|Any CPU.Build.0 = Release|Any CPU
		{4B4FF410-579F-4662-8C05-235DFD8DF479}.Release|x64.ActiveCfg = Release|Any CPU
		{4B4FF410-579F-4662-8C05-235DFD8DF479}.Release|x64.Build.0 = Release|Any CPU
		{4B4FF410-579F-4662-8C05-235DFD8DF479}.Release|x86.ActiveCfg = Release|Any CPU
		{4B4FF410-579F-4662-8C05-235DFD8DF479}.Release|x86.Build.0 = Release|Any CPU
		{F1FB73CB-63C3-43F9-BDE0-9A13B071937E}.Debug|Any CPU.ActiveCfg = Debug|Any CPU
		{F1FB73CB-63C3-43F9-BDE0-9A13B071937E}.Debug|Any CPU.Build.0 = Debug|Any CPU
		{F1FB73CB-63C3-43F9-BDE0-9A13B071937E}.Debug|x64.ActiveCfg = Debug|Any CPU
		{F1FB73CB-63C3-43F9-BDE0-9A13B071937E}.Debug|x64.Build.0 = Debug|Any CPU
		{F1FB73CB-63C3-43F9-BDE0-9A13B071937E}.Debug|x86.ActiveCfg = Debug|Any CPU
		{F1FB73CB-63C3-43F9-BDE0-9A13B071937E}.Debug|x86.Build.0 = Debug|Any CPU
		{F1FB73CB-63C3-43F9-BDE0-9A13B071937E}.Release|Any CPU.ActiveCfg = Release|Any CPU
		{F1FB73CB-63C3-43F9-BDE0-9A13B071937E}.Release|Any CPU.Build.0 = Release|Any CPU
		{F1FB73CB-63C3-43F9-BDE0-9A13B071937E}.Release|x64.ActiveCfg = Release|Any CPU
		{F1FB73CB-63C3-43F9-BDE0-9A13B071937E}.Release|x64.Build.0 = Release|Any CPU
		{F1FB73CB-63C3-43F9-BDE0-9A13B071937E}.Release|x86.ActiveCfg = Release|Any CPU
		{F1FB73CB-63C3-43F9-BDE0-9A13B071937E}.Release|x86.Build.0 = Release|Any CPU
		{4D5524A1-2389-49B4-9284-7080E22B212F}.Debug|Any CPU.ActiveCfg = Debug|Any CPU
		{4D5524A1-2389-49B4-9284-7080E22B212F}.Debug|Any CPU.Build.0 = Debug|Any CPU
		{4D5524A1-2389-49B4-9284-7080E22B212F}.Debug|x64.ActiveCfg = Debug|Any CPU
		{4D5524A1-2389-49B4-9284-7080E22B212F}.Debug|x64.Build.0 = Debug|Any CPU
		{4D5524A1-2389-49B4-9284-7080E22B212F}.Debug|x86.ActiveCfg = Debug|Any CPU
		{4D5524A1-2389-49B4-9284-7080E22B212F}.Debug|x86.Build.0 = Debug|Any CPU
		{4D5524A1-2389-49B4-9284-7080E22B212F}.Release|Any CPU.ActiveCfg = Release|Any CPU
		{4D5524A1-2389-49B4-9284-7080E22B212F}.Release|Any CPU.Build.0 = Release|Any CPU
		{4D5524A1-2389-49B4-9284-7080E22B212F}.Release|x64.ActiveCfg = Release|Any CPU
		{4D5524A1-2389-49B4-9284-7080E22B212F}.Release|x64.Build.0 = Release|Any CPU
		{4D5524A1-2389-49B4-9284-7080E22B212F}.Release|x86.ActiveCfg = Release|Any CPU
		{4D5524A1-2389-49B4-9284-7080E22B212F}.Release|x86.Build.0 = Release|Any CPU
		{0E8C9422-9071-4900-8148-3F6E35322BDA}.Debug|Any CPU.ActiveCfg = Debug|Any CPU
		{0E8C9422-9071-4900-8148-3F6E35322BDA}.Debug|Any CPU.Build.0 = Debug|Any CPU
		{0E8C9422-9071-4900-8148-3F6E35322BDA}.Debug|x64.ActiveCfg = Debug|Any CPU
		{0E8C9422-9071-4900-8148-3F6E35322BDA}.Debug|x64.Build.0 = Debug|Any CPU
		{0E8C9422-9071-4900-8148-3F6E35322BDA}.Debug|x86.ActiveCfg = Debug|Any CPU
		{0E8C9422-9071-4900-8148-3F6E35322BDA}.Debug|x86.Build.0 = Debug|Any CPU
		{0E8C9422-9071-4900-8148-3F6E35322BDA}.Release|Any CPU.ActiveCfg = Release|Any CPU
		{0E8C9422-9071-4900-8148-3F6E35322BDA}.Release|Any CPU.Build.0 = Release|Any CPU
		{0E8C9422-9071-4900-8148-3F6E35322BDA}.Release|x64.ActiveCfg = Release|Any CPU
		{0E8C9422-9071-4900-8148-3F6E35322BDA}.Release|x64.Build.0 = Release|Any CPU
		{0E8C9422-9071-4900-8148-3F6E35322BDA}.Release|x86.ActiveCfg = Release|Any CPU
		{0E8C9422-9071-4900-8148-3F6E35322BDA}.Release|x86.Build.0 = Release|Any CPU
		{71C24975-CF35-46D0-BC79-F251FE11933D}.Debug|Any CPU.ActiveCfg = Debug|Any CPU
		{71C24975-CF35-46D0-BC79-F251FE11933D}.Debug|Any CPU.Build.0 = Debug|Any CPU
		{71C24975-CF35-46D0-BC79-F251FE11933D}.Debug|x64.ActiveCfg = Debug|Any CPU
		{71C24975-CF35-46D0-BC79-F251FE11933D}.Debug|x64.Build.0 = Debug|Any CPU
		{71C24975-CF35-46D0-BC79-F251FE11933D}.Debug|x86.ActiveCfg = Debug|Any CPU
		{71C24975-CF35-46D0-BC79-F251FE11933D}.Debug|x86.Build.0 = Debug|Any CPU
		{71C24975-CF35-46D0-BC79-F251FE11933D}.Release|Any CPU.ActiveCfg = Release|Any CPU
		{71C24975-CF35-46D0-BC79-F251FE11933D}.Release|Any CPU.Build.0 = Release|Any CPU
		{71C24975-CF35-46D0-BC79-F251FE11933D}.Release|x64.ActiveCfg = Release|Any CPU
		{71C24975-CF35-46D0-BC79-F251FE11933D}.Release|x64.Build.0 = Release|Any CPU
		{71C24975-CF35-46D0-BC79-F251FE11933D}.Release|x86.ActiveCfg = Release|Any CPU
		{71C24975-CF35-46D0-BC79-F251FE11933D}.Release|x86.Build.0 = Release|Any CPU
	EndGlobalSection
	GlobalSection(SolutionProperties) = preSolution
		HideSolutionNode = FALSE
	EndGlobalSection
	GlobalSection(NestedProjects) = preSolution
		{A281AEFF-CE6E-4027-9651-239D8A631765} = {827E0CD3-B72D-47B6-A68D-7590B98EB39B}
		{4B4FF410-579F-4662-8C05-235DFD8DF479} = {827E0CD3-B72D-47B6-A68D-7590B98EB39B}
		{F1FB73CB-63C3-43F9-BDE0-9A13B071937E} = {827E0CD3-B72D-47B6-A68D-7590B98EB39B}
		{4D5524A1-2389-49B4-9284-7080E22B212F} = {827E0CD3-B72D-47B6-A68D-7590B98EB39B}
		{0E8C9422-9071-4900-8148-3F6E35322BDA} = {0AB3BF05-4346-4AA6-1389-037BE0695223}
		{71C24975-CF35-46D0-BC79-F251FE11933D} = {0AB3BF05-4346-4AA6-1389-037BE0695223}
	EndGlobalSection
EndGlobal
